<?xml version="1.0" encoding="utf-8"?>
<Project ToolsVersion="4.0" xmlns="http://schemas.microsoft.com/developer/msbuild/2003">
  <ItemGroup>
    <ClInclude Include="include\SDL.h">
      <Filter>include</Filter>
    </ClInclude>
    <ClInclude Include="include\SDL_assert.h">
      <Filter>include</Filter>
    </ClInclude>
    <ClInclude Include="include\SDL_atomic.h">
      <Filter>include</Filter>
    </ClInclude>
    <ClInclude Include="include\SDL_audio.h">
      <Filter>include</Filter>
    </ClInclude>
    <ClInclude Include="include\SDL_bits.h">
      <Filter>include</Filter>
    </ClInclude>
    <ClInclude Include="include\SDL_blendmode.h">
      <Filter>include</Filter>
    </ClInclude>
    <ClInclude Include="include\SDL_clipboard.h">
      <Filter>include</Filter>
    </ClInclude>
    <ClInclude Include="include\SDL_config.h">
      <Filter>include</Filter>
    </ClInclude>
    <ClInclude Include="include\SDL_config_android.h">
      <Filter>include</Filter>
    </ClInclude>
    <ClInclude Include="include\SDL_config_emscripten.h">
      <Filter>include</Filter>
    </ClInclude>
    <ClInclude Include="include\SDL_config_iphoneos.h">
      <Filter>include</Filter>
    </ClInclude>
    <ClInclude Include="include\SDL_config_macosx.h">
      <Filter>include</Filter>
    </ClInclude>
    <ClInclude Include="include\SDL_config_minimal.h">
      <Filter>include</Filter>
    </ClInclude>
    <ClInclude Include="include\SDL_config_ngage.h">
      <Filter>include</Filter>
    </ClInclude>
    <ClInclude Include="include\SDL_config_os2.h">
      <Filter>include</Filter>
    </ClInclude>
    <ClInclude Include="include\SDL_config_pandora.h">
      <Filter>include</Filter>
    </ClInclude>
    <ClInclude Include="include\SDL_config_windows.h">
      <Filter>include</Filter>
    </ClInclude>
    <ClInclude Include="include\SDL_config_wingdk.h">
      <Filter>include</Filter>
    </ClInclude>
    <ClInclude Include="include\SDL_config_winrt.h">
      <Filter>include</Filter>
    </ClInclude>
    <ClInclude Include="include\SDL_config_xbox.h">
      <Filter>include</Filter>
    </ClInclude>
    <ClInclude Include="include\SDL_copying.h">
      <Filter>include</Filter>
    </ClInclude>
    <ClInclude Include="include\SDL_cpuinfo.h">
      <Filter>include</Filter>
    </ClInclude>
    <ClInclude Include="include\SDL_egl.h">
      <Filter>include</Filter>
    </ClInclude>
    <ClInclude Include="include\SDL_endian.h">
      <Filter>include</Filter>
    </ClInclude>
    <ClInclude Include="include\SDL_error.h">
      <Filter>include</Filter>
    </ClInclude>
    <ClInclude Include="include\SDL_events.h">
      <Filter>include</Filter>
    </ClInclude>
    <ClInclude Include="include\SDL_filesystem.h">
      <Filter>include</Filter>
    </ClInclude>
    <ClInclude Include="include\SDL_gamecontroller.h">
      <Filter>include</Filter>
    </ClInclude>
    <ClInclude Include="include\SDL_gesture.h">
      <Filter>include</Filter>
    </ClInclude>
    <ClInclude Include="include\SDL_guid.h">
      <Filter>include</Filter>
    </ClInclude>
    <ClInclude Include="include\SDL_haptic.h">
      <Filter>include</Filter>
    </ClInclude>
    <ClInclude Include="include\SDL_hidapi.h">
      <Filter>include</Filter>
    </ClInclude>
    <ClInclude Include="include\SDL_hints.h">
      <Filter>include</Filter>
    </ClInclude>
    <ClInclude Include="include\SDL_joystick.h">
      <Filter>include</Filter>
    </ClInclude>
    <ClInclude Include="include\SDL_keyboard.h">
      <Filter>include</Filter>
    </ClInclude>
    <ClInclude Include="include\SDL_keycode.h">
      <Filter>include</Filter>
    </ClInclude>
    <ClInclude Include="include\SDL_loadso.h">
      <Filter>include</Filter>
    </ClInclude>
    <ClInclude Include="include\SDL_locale.h">
      <Filter>include</Filter>
    </ClInclude>
    <ClInclude Include="include\SDL_log.h">
      <Filter>include</Filter>
    </ClInclude>
    <ClInclude Include="include\SDL_main.h">
      <Filter>include</Filter>
    </ClInclude>
    <ClInclude Include="include\SDL_messagebox.h">
      <Filter>include</Filter>
    </ClInclude>
    <ClInclude Include="include\SDL_metal.h">
      <Filter>include</Filter>
    </ClInclude>
    <ClInclude Include="include\SDL_misc.h">
      <Filter>include</Filter>
    </ClInclude>
    <ClInclude Include="include\SDL_mouse.h">
      <Filter>include</Filter>
    </ClInclude>
    <ClInclude Include="include\SDL_mutex.h">
      <Filter>include</Filter>
    </ClInclude>
    <ClInclude Include="include\SDL_name.h">
      <Filter>include</Filter>
    </ClInclude>
    <ClInclude Include="include\SDL_opengl.h">
      <Filter>include</Filter>
    </ClInclude>
    <ClInclude Include="include\SDL_opengl_glext.h">
      <Filter>include</Filter>
    </ClInclude>
    <ClInclude Include="include\SDL_opengles.h">
      <Filter>include</Filter>
    </ClInclude>
    <ClInclude Include="include\SDL_opengles2.h">
      <Filter>include</Filter>
    </ClInclude>
    <ClInclude Include="include\SDL_opengles2_gl2.h">
      <Filter>include</Filter>
    </ClInclude>
    <ClInclude Include="include\SDL_opengles2_gl2ext.h">
      <Filter>include</Filter>
    </ClInclude>
    <ClInclude Include="include\SDL_opengles2_gl2platform.h">
      <Filter>include</Filter>
    </ClInclude>
    <ClInclude Include="include\SDL_opengles2_khrplatform.h">
      <Filter>include</Filter>
    </ClInclude>
    <ClInclude Include="include\SDL_pixels.h">
      <Filter>include</Filter>
    </ClInclude>
    <ClInclude Include="include\SDL_platform.h">
      <Filter>include</Filter>
    </ClInclude>
    <ClInclude Include="include\SDL_power.h">
      <Filter>include</Filter>
    </ClInclude>
    <ClInclude Include="include\SDL_quit.h">
      <Filter>include</Filter>
    </ClInclude>
    <ClInclude Include="include\SDL_rect.h">
      <Filter>include</Filter>
    </ClInclude>
    <ClInclude Include="include\SDL_render.h">
      <Filter>include</Filter>
    </ClInclude>
    <ClInclude Include="include\SDL_revision.h">
      <Filter>include</Filter>
    </ClInclude>
    <ClInclude Include="include\SDL_rwops.h">
      <Filter>include</Filter>
    </ClInclude>
    <ClInclude Include="include\SDL_scancode.h">
      <Filter>include</Filter>
    </ClInclude>
    <ClInclude Include="include\SDL_sensor.h">
      <Filter>include</Filter>
    </ClInclude>
    <ClInclude Include="include\SDL_shape.h">
      <Filter>include</Filter>
    </ClInclude>
    <ClInclude Include="include\SDL_stdinc.h">
      <Filter>include</Filter>
    </ClInclude>
    <ClInclude Include="include\SDL_surface.h">
      <Filter>include</Filter>
    </ClInclude>
    <ClInclude Include="include\SDL_system.h">
      <Filter>include</Filter>
    </ClInclude>
    <ClInclude Include="include\SDL_syswm.h">
      <Filter>include</Filter>
    </ClInclude>
    <ClInclude Include="include\SDL_test.h">
      <Filter>include</Filter>
    </ClInclude>
    <ClInclude Include="include\SDL_test_assert.h">
      <Filter>include</Filter>
    </ClInclude>
    <ClInclude Include="include\SDL_test_common.h">
      <Filter>include</Filter>
    </ClInclude>
    <ClInclude Include="include\SDL_test_compare.h">
      <Filter>include</Filter>
    </ClInclude>
    <ClInclude Include="include\SDL_test_crc32.h">
      <Filter>include</Filter>
    </ClInclude>
    <ClInclude Include="include\SDL_test_font.h">
      <Filter>include</Filter>
    </ClInclude>
    <ClInclude Include="include\SDL_test_fuzzer.h">
      <Filter>include</Filter>
    </ClInclude>
    <ClInclude Include="include\SDL_test_harness.h">
      <Filter>include</Filter>
    </ClInclude>
    <ClInclude Include="include\SDL_test_images.h">
      <Filter>include</Filter>
    </ClInclude>
    <ClInclude Include="include\SDL_test_log.h">
      <Filter>include</Filter>
    </ClInclude>
    <ClInclude Include="include\SDL_test_md5.h">
      <Filter>include</Filter>
    </ClInclude>
    <ClInclude Include="include\SDL_test_memory.h">
      <Filter>include</Filter>
    </ClInclude>
    <ClInclude Include="include\SDL_test_random.h">
      <Filter>include</Filter>
    </ClInclude>
    <ClInclude Include="include\SDL_thread.h">
      <Filter>include</Filter>
    </ClInclude>
    <ClInclude Include="include\SDL_timer.h">
      <Filter>include</Filter>
    </ClInclude>
    <ClInclude Include="include\SDL_touch.h">
      <Filter>include</Filter>
    </ClInclude>
    <ClInclude Include="include\SDL_types.h">
      <Filter>include</Filter>
    </ClInclude>
    <ClInclude Include="include\SDL_version.h">
      <Filter>include</Filter>
    </ClInclude>
    <ClInclude Include="include\SDL_video.h">
      <Filter>include</Filter>
    </ClInclude>
    <ClInclude Include="include\SDL_vulkan.h">
      <Filter>include</Filter>
    </ClInclude>
    <ClInclude Include="include\begin_code.h">
      <Filter>include</Filter>
    </ClInclude>
    <ClInclude Include="include\GL\eglew.h">
      <Filter>include\GL</Filter>
    </ClInclude>
    <ClInclude Include="include\GL\glew.h">
      <Filter>include\GL</Filter>
    </ClInclude>
    <ClInclude Include="include\GL\glxew.h">
      <Filter>include\GL</Filter>
    </ClInclude>
    <ClInclude Include="include\GL\wglew.h">
      <Filter>include\GL</Filter>
    </ClInclude>
    <ClInclude Include="include\close_code.h">
      <Filter>include</Filter>
    </ClInclude>
    <ClInclude Include="src\magic_spheres_scene.h">
      <Filter>src</Filter>
    </ClInclude>
    <ClInclude Include="src\rainbow_spheres_scene.h">
      <Filter>src</Filter>
    </ClInclude>
    <ClInclude Include="src\raytracer.h">
      <Filter>src</Filter>
    </ClInclude>
    <ClInclude Include="src\scene.h">
      <Filter>src</Filter>
    </ClInclude>
    <ClInclude Include="src\shader.h">
      <Filter>src</Filter>
    </ClInclude>
    <ClInclude Include="src\sphere.h">
      <Filter>src</Filter>
    </ClInclude>
    <ClInclude Include="src\types.h">
      <Filter>src</Filter>
    </ClInclude>
    <ClInclude Include="src\util.h">
      <Filter>src</Filter>
    </ClInclude>
    <ClInclude Include="src\camera.h">
      <Filter>src</Filter>
    </ClInclude>
  </ItemGroup>
  <ItemGroup>
    <None Include=".gitignore" />
    <None Include="src\shaders\default.frag">
      <Filter>src\shaders</Filter>
    </None>
    <None Include="src\shaders\default.vert">
      <Filter>src\shaders</Filter>
    </None>
    <None Include="CppProperties.json" />
    <None Include="readme.md" />
  </ItemGroup>
  <ItemGroup>
    <Filter Include="include">
      <UniqueIdentifier>{4258e57e-0f55-47b9-992b-6f24f9e338db}</UniqueIdentifier>
    </Filter>
    <Filter Include="include\GL">
      <UniqueIdentifier>{e5f3339d-0ced-48d0-a743-84699538796a}</UniqueIdentifier>
    </Filter>
    <Filter Include="src">
      <UniqueIdentifier>{5c112eaa-b397-4701-8f19-48a43e111653}</UniqueIdentifier>
    </Filter>
    <Filter Include="src\shaders">
      <UniqueIdentifier>{ed33195e-5ecf-42ce-a384-76235d176702}</UniqueIdentifier>
    </Filter>
  </ItemGroup>
  <ItemGroup>
    <ClCompile Include="src\magic_spheres_scene.cpp">
      <Filter>src</Filter>
    </ClCompile>
    <ClCompile Include="src\main.cpp">
      <Filter>src</Filter>
    </ClCompile>
    <ClCompile Include="src\rainbow_spheres_scene.cpp">
      <Filter>src</Filter>
    </ClCompile>
    <ClCompile Include="src\raytracer.cpp">
      <Filter>src</Filter>
    </ClCompile>
    <ClCompile Include="src\scene.cpp">
      <Filter>src</Filter>
    </ClCompile>
    <ClCompile Include="src\shader.cpp">
      <Filter>src</Filter>
    </ClCompile>
    <ClCompile Include="src\util.cpp">
      <Filter>src</Filter>
    </ClCompile>
  </ItemGroup>
</Project>